
Microsoft Visual Studio Solution File, Format Version 12.00
# Visual Studio Version 17
VisualStudioVersion = 17.5.33516.290
MinimumVisualStudioVersion = 10.0.40219.1
Project("{FAE04EC0-301F-11D3-BF4B-00C04F79EFBC}") = "Web", "Web\Web.csproj", "{6F3A196D-6EB7-42C8-B22D-FE9FC8E0D1EE}"
EndProject
Project("{FAE04EC0-301F-11D3-BF4B-00C04F79EFBC}") = "Logger", "Logger\Logger.csproj", "{FC099F54-C81B-40B7-BCC9-4359686FD785}"
EndProject
Global
	GlobalSection(SolutionConfigurationPlatforms) = preSolution
		Debug|Any CPU = Debug|Any CPU
		Release|Any CPU = Release|Any CPU
	EndGlobalSection
	GlobalSection(ProjectConfigurationPlatforms) = postSolution
		{6F3A196D-6EB7-42C8-B22D-FE9FC8E0D1EE}.Debug|Any CPU.ActiveCfg = Debug|Any CPU
		{6F3A196D-6EB7-42C8-B22D-FE9FC8E0D1EE}.Debug|Any CPU.Build.0 = Debug|Any CPU
		{6F3A196D-6EB7-42C8-B22D-FE9FC8E0D1EE}.Release|Any CPU.ActiveCfg = Release|Any CPU
		{6F3A196D-6EB7-42C8-B22D-FE9FC8E0D1EE}.Release|Any CPU.Build.0 = Release|Any CPU
		{FC099F54-C81B-40B7-BCC9-4359686FD785}.Debug|Any CPU.ActiveCfg = Debug|Any CPU
		{FC099F54-C81B-40B7-BCC9-4359686FD785}.Debug|Any CPU.Build.0 = Debug|Any CPU
		{FC099F54-C81B-40B7-BCC9-4359686FD785}.Release|Any CPU.ActiveCfg = Release|Any CPU
		{FC099F54-C81B-40B7-BCC9-4359686FD785}.Release|Any CPU.Build.0 = Release|Any CPU
	EndGlobalSection
	GlobalSection(SolutionProperties) = preSolution
		HideSolutionNode = FALSE
	EndGlobalSection
	GlobalSection(ExtensibilityGlobals) = postSolution
		SolutionGuid = {325B5BFA-DC32-4F9F-AC36-D3C07734793E}
	EndGlobalSection
EndGlobal
